
Microsoft Visual Studio Solution File, Format Version 12.00
# Visual Studio Version 17
VisualStudioVersion = 17.11.35327.3
MinimumVisualStudioVersion = 10.0.40219.1
Project("{8BC9CEB8-8B4A-11D0-8D11-00A0C91BC942}") = "Server", "Server\Server.vcxproj", "{BE312D9B-0335-42F1-81F4-928711C0CADF}"
EndProject
Global
	GlobalSection(SolutionConfigurationPlatforms) = preSolution
		Debug|x64 = Debug|x64
		Debug|x86 = Debug|x86
		Release|x64 = Release|x64
		Release|x86 = Release|x86
	EndGlobalSection
	GlobalSection(ProjectConfigurationPlatforms) = postSolution
		{BE312D9B-0335-42F1-81F4-928711C0CADF}.Debug|x64.ActiveCfg = Debug|x64
		{BE312D9B-0335-42F1-81F4-928711C0CADF}.Debug|x64.Build.0 = Debug|x64
		{BE312D9B-0335-42F1-81F4-928711C0CADF}.Debug|x86.ActiveCfg = Debug|Win32
		{BE312D9B-0335-42F1-81F4-928711C0CADF}.Debug|x86.Build.0 = Debug|Win32
		{BE312D9B-0335-42F1-81F4-928711C0CADF}.Release|x64.ActiveCfg = Release|x64
		{BE312D9B-0335-42F1-81F4-928711C0CADF}.Release|x64.Build.0 = Release|x64
		{BE312D9B-0335-42F1-81F4-928711C0CADF}.Release|x86.ActiveCfg = Release|Win32
		{BE312D9B-0335-42F1-81F4-928711C0CADF}.Release|x86.Build.0 = Release|Win32
	EndGlobalSection
	GlobalSection(SolutionProperties) = preSolution
		HideSolutionNode = FALSE
	EndGlobalSection
	GlobalSection(ExtensibilityGlobals) = postSolution
		SolutionGuid = {A91F4F05-E70C-4366-896D-3CCE92AE83FD}
	EndGlobalSection
EndGlobal
